<?xml version="1.0" encoding="utf-8"?>
<Project ToolsVersion="4.0" xmlns="http://schemas.microsoft.com/developer/msbuild/2003">
  <ItemGroup>
    <Filter Include="Source Files">
      <UniqueIdentifier>{4FC737F1-C7A5-4376-A066-2A32D752A2FF}</UniqueIdentifier>
      <Extensions>cpp;c;cc;cxx;c++;cppm;ixx;def;odl;idl;hpj;bat;asm;asmx</Extensions>
    </Filter>
    <Filter Include="Header Files">
      <UniqueIdentifier>{93995380-89BD-4b04-88EB-625FBE52EBFB}</UniqueIdentifier>
      <Extensions>h;hh;hpp;hxx;h++;hm;inl;inc;ipp;xsd</Extensions>
    </Filter>
    <Filter Include="Resource Files">
      <UniqueIdentifier>{67DA6AB6-F800-4c08-8B7A-83BB121AAD01}</UniqueIdentifier>
      <Extensions>rc;ico;cur;bmp;dlg;rc2;rct;bin;rgs;gif;jpg;jpeg;jpe;resx;tiff;tif;png;wav;mfcribbon-ms</Extensions>
    </Filter>
    <Filter Include="Header Files\Bink">
      <UniqueIdentifier>{20ddfc87-d889-415a-94e0-803b893236ff}</UniqueIdentifier>
    </Filter>
    <Filter Include="Header Files\Patching">
      <UniqueIdentifier>{a57012f7-f78b-4fcf-9294-4e17373ebf1d}</UniqueIdentifier>
    </Filter>
    <Filter Include="Source Files\avcodec">
      <UniqueIdentifier>{5acd1b8f-22de-4c2c-9dc0-623582d5779e}</UniqueIdentifier>
    </Filter>
    <Filter Include="Header Files\avcodec">
      <UniqueIdentifier>{f138c56d-adc0-4bdc-91c3-22e45ffb9545}</UniqueIdentifier>
    </Filter>
    <Filter Include="Header Files\BlinxWrap">
      <UniqueIdentifier>{204d24e2-4d15-43ef-a5ed-d73273ab0064}</UniqueIdentifier>
    </Filter>
    <Filter Include="Source Files\BlinxWrap">
      <UniqueIdentifier>{34be18f6-2dd0-4ea8-8aa2-6b46db000b42}</UniqueIdentifier>
    </Filter>
  </ItemGroup>
  <ItemGroup>
    <ClInclude Include="framework.h">
      <Filter>Header Files</Filter>
    </ClInclude>
    <ClInclude Include="pch.h">
      <Filter>Header Files</Filter>
    </ClInclude>
    <ClInclude Include="BinkFnc.h">
      <Filter>Header Files\Bink</Filter>
    </ClInclude>
    <ClInclude Include="BinkHandle.h">
      <Filter>Header Files\Bink</Filter>
    </ClInclude>
    <ClInclude Include="debug.h">
      <Filter>Header Files</Filter>
    </ClInclude>
    <ClInclude Include="binary_patching.h">
      <Filter>Header Files\Patching</Filter>
    </ClInclude>
    <ClInclude Include="av_utils.h">
      <Filter>Header Files\avcodec</Filter>
    </ClInclude>
    <ClInclude Include="blinxwrap_ctx.h">
      <Filter>Header Files\BlinxWrap</Filter>
    </ClInclude>
  </ItemGroup>
  <ItemGroup>
    <ClCompile Include="dllmain.c">
      <Filter>Source Files</Filter>
    </ClCompile>
    <ClCompile Include="pch.c">
      <Filter>Source Files</Filter>
    </ClCompile>
    <ClCompile Include="bink.c">
      <Filter>Source Files</Filter>
    </ClCompile>
    <ClCompile Include="debug.c">
      <Filter>Source Files</Filter>
    </ClCompile>
    <ClCompile Include="binary_patching.c">
      <Filter>Source Files</Filter>
    </ClCompile>
    <ClCompile Include="av_utils.c">
      <Filter>Source Files\avcodec</Filter>
    </ClCompile>
    <ClCompile Include="blinxwrap_ctx.c">
      <Filter>Source Files\BlinxWrap</Filter>
    </ClCompile>
  </ItemGroup>
  <ItemGroup>
    <None Include="BlinxWrap.def">
      <Filter>Source Files</Filter>
    </None>
  </ItemGroup>
</Project>